
Microsoft Visual Studio Solution File, Format Version 12.00
# Visual Studio Version 17
VisualStudioVersion = 17.11.35312.102
MinimumVisualStudioVersion = 10.0.40219.1
Project("{FAE04EC0-301F-11D3-BF4B-00C04F79EFBC}") = "FantasyRPG", "FantasyRPG\FantasyRPG.csproj", "{0F3F989B-19BC-4009-938B-603FB387D6FB}"
EndProject
Global
	GlobalSection(SolutionConfigurationPlatforms) = preSolution
		Debug|Any CPU = Debug|Any CPU
		Release|Any CPU = Release|Any CPU
	EndGlobalSection
	GlobalSection(ProjectConfigurationPlatforms) = postSolution
		{0F3F989B-19BC-4009-938B-603FB387D6FB}.Debug|Any CPU.ActiveCfg = Debug|Any CPU
		{0F3F989B-19BC-4009-938B-603FB387D6FB}.Debug|Any CPU.Build.0 = Debug|Any CPU
		{0F3F989B-19BC-4009-938B-603FB387D6FB}.Release|Any CPU.ActiveCfg = Release|Any CPU
		{0F3F989B-19BC-4009-938B-603FB387D6FB}.Release|Any CPU.Build.0 = Release|Any CPU
	EndGlobalSection
	GlobalSection(SolutionProperties) = preSolution
		HideSolutionNode = FALSE
	EndGlobalSection
	GlobalSection(ExtensibilityGlobals) = postSolution
		SolutionGuid = {E43E7905-E1D5-4AFE-8959-2675D9AF3A5E}
	EndGlobalSection
EndGlobal
